
Microsoft Visual Studio Solution File, Format Version 12.00
# Visual Studio 15
VisualStudioVersion = 15.0.28010.2050
MinimumVisualStudioVersion = 10.0.40219.1
Project("{9A19103F-16F7-4668-BE54-9A1E7A4F7556}") = "CSharp8583", "CSharp8583\CSharp8583.csproj", "{C6E54F49-B21B-4266-BF7B-FCB208507D93}"
EndProject
Project("{9A19103F-16F7-4668-BE54-9A1E7A4F7556}") = "CSharp8583.Tests", "CSharp8583.Tests\CSharp8583.Tests.csproj", "{1EC5BE97-9880-49D0-8B7D-9425B017A966}"
EndProject
Global
	GlobalSection(SolutionConfigurationPlatforms) = preSolution
		Debug|Any CPU = Debug|Any CPU
		Release|Any CPU = Release|Any CPU
	EndGlobalSection
	GlobalSection(ProjectConfigurationPlatforms) = postSolution
		{C6E54F49-B21B-4266-BF7B-FCB208507D93}.Debug|Any CPU.ActiveCfg = Debug|Any CPU
		{C6E54F49-B21B-4266-BF7B-FCB208507D93}.Debug|Any CPU.Build.0 = Debug|Any CPU
		{C6E54F49-B21B-4266-BF7B-FCB208507D93}.Release|Any CPU.ActiveCfg = Release|Any CPU
		{C6E54F49-B21B-4266-BF7B-FCB208507D93}.Release|Any CPU.Build.0 = Release|Any CPU
		{1EC5BE97-9880-49D0-8B7D-9425B017A966}.Debug|Any CPU.ActiveCfg = Debug|Any CPU
		{1EC5BE97-9880-49D0-8B7D-9425B017A966}.Debug|Any CPU.Build.0 = Debug|Any CPU
		{1EC5BE97-9880-49D0-8B7D-9425B017A966}.Release|Any CPU.ActiveCfg = Release|Any CPU
		{1EC5BE97-9880-49D0-8B7D-9425B017A966}.Release|Any CPU.Build.0 = Release|Any CPU
	EndGlobalSection
	GlobalSection(SolutionProperties) = preSolution
		HideSolutionNode = FALSE
	EndGlobalSection
	GlobalSection(ExtensibilityGlobals) = postSolution
		SolutionGuid = {A842573D-BB56-4AEE-9EC7-34BD6033E4CE}
	EndGlobalSection
EndGlobal
